
Microsoft Visual Studio Solution File, Format Version 12.00
# Visual Studio Version 17
VisualStudioVersion = 17.7.34024.191
MinimumVisualStudioVersion = 10.0.40219.1
Project("{FAE04EC0-301F-11D3-BF4B-00C04F79EFBC}") = "Yukes TXC to PNG", "Yukes TXC to TGA\Yukes TXC to PNG.csproj", "{1FED1C1D-7155-4222-80B0-06D3941426E7}"
EndProject
Global
	GlobalSection(SolutionConfigurationPlatforms) = preSolution
		Debug|Any CPU = Debug|Any CPU
		Release|Any CPU = Release|Any CPU
	EndGlobalSection
	GlobalSection(ProjectConfigurationPlatforms) = postSolution
		{1FED1C1D-7155-4222-80B0-06D3941426E7}.Debug|Any CPU.ActiveCfg = Debug|Any CPU
		{1FED1C1D-7155-4222-80B0-06D3941426E7}.Debug|Any CPU.Build.0 = Debug|Any CPU
		{1FED1C1D-7155-4222-80B0-06D3941426E7}.Release|Any CPU.ActiveCfg = Release|Any CPU
		{1FED1C1D-7155-4222-80B0-06D3941426E7}.Release|Any CPU.Build.0 = Release|Any CPU
	EndGlobalSection
	GlobalSection(SolutionProperties) = preSolution
		HideSolutionNode = FALSE
	EndGlobalSection
	GlobalSection(ExtensibilityGlobals) = postSolution
		SolutionGuid = {EA61D86D-6D4D-4FE2-82F3-D26914AD6E31}
	EndGlobalSection
EndGlobal
